
Microsoft Visual Studio Solution File, Format Version 12.00
# Visual Studio Version 17
VisualStudioVersion = 17.14.36414.22
MinimumVisualStudioVersion = 10.0.40219.1
Project("{FAE04EC0-301F-11D3-BF4B-00C04F79EFBC}") = "PayrocLoadBalancer", "PayrocLoadBalancer\PayrocLoadBalancer.csproj", "{005BBE39-EB89-4F39-A216-D1104AA35FFD}"
EndProject
Project("{FAE04EC0-301F-11D3-BF4B-00C04F79EFBC}") = "LoadBalancer.Tests", "LoadBalancer.Tests\LoadBalancer.Tests.csproj", "{EF13A1AF-BE04-41C9-B196-98AE237F9EBB}"
EndProject
Project("{2150E333-8FDC-42A3-9474-1A3956D46DE8}") = "Solution Items", "Solution Items", "{8EC462FD-D22E-90A8-E5CE-7E832BA40C5D}"
	ProjectSection(SolutionItems) = preProject
		README.md = README.md
	EndProjectSection
EndProject
Global
	GlobalSection(SolutionConfigurationPlatforms) = preSolution
		Debug|Any CPU = Debug|Any CPU
		Release|Any CPU = Release|Any CPU
	EndGlobalSection
	GlobalSection(ProjectConfigurationPlatforms) = postSolution
		{005BBE39-EB89-4F39-A216-D1104AA35FFD}.Debug|Any CPU.ActiveCfg = Debug|Any CPU
		{005BBE39-EB89-4F39-A216-D1104AA35FFD}.Debug|Any CPU.Build.0 = Debug|Any CPU
		{005BBE39-EB89-4F39-A216-D1104AA35FFD}.Release|Any CPU.ActiveCfg = Release|Any CPU
		{005BBE39-EB89-4F39-A216-D1104AA35FFD}.Release|Any CPU.Build.0 = Release|Any CPU
		{EF13A1AF-BE04-41C9-B196-98AE237F9EBB}.Debug|Any CPU.ActiveCfg = Debug|Any CPU
		{EF13A1AF-BE04-41C9-B196-98AE237F9EBB}.Debug|Any CPU.Build.0 = Debug|Any CPU
		{EF13A1AF-BE04-41C9-B196-98AE237F9EBB}.Release|Any CPU.ActiveCfg = Release|Any CPU
		{EF13A1AF-BE04-41C9-B196-98AE237F9EBB}.Release|Any CPU.Build.0 = Release|Any CPU
	EndGlobalSection
	GlobalSection(SolutionProperties) = preSolution
		HideSolutionNode = FALSE
	EndGlobalSection
	GlobalSection(ExtensibilityGlobals) = postSolution
		SolutionGuid = {2F94C17E-EBC2-4DD7-A128-11417022ABFF}
	EndGlobalSection
EndGlobal
