
Microsoft Visual Studio Solution File, Format Version 12.00
# Visual Studio Version 17
VisualStudioVersion = 17.14.36414.22 d17.14
MinimumVisualStudioVersion = 10.0.40219.1
Project("{FAE04EC0-301F-11D3-BF4B-00C04F79EFBC}") = "PayrocLoadBalancer", "PayrocLoadBalancer\PayrocLoadBalancer.csproj", "{005BBE39-EB89-4F39-A216-D1104AA35FFD}"
EndProject
Global
	GlobalSection(SolutionConfigurationPlatforms) = preSolution
		Debug|Any CPU = Debug|Any CPU
		Release|Any CPU = Release|Any CPU
	EndGlobalSection
	GlobalSection(ProjectConfigurationPlatforms) = postSolution
		{005BBE39-EB89-4F39-A216-D1104AA35FFD}.Debug|Any CPU.ActiveCfg = Debug|Any CPU
		{005BBE39-EB89-4F39-A216-D1104AA35FFD}.Debug|Any CPU.Build.0 = Debug|Any CPU
		{005BBE39-EB89-4F39-A216-D1104AA35FFD}.Release|Any CPU.ActiveCfg = Release|Any CPU
		{005BBE39-EB89-4F39-A216-D1104AA35FFD}.Release|Any CPU.Build.0 = Release|Any CPU
	EndGlobalSection
	GlobalSection(SolutionProperties) = preSolution
		HideSolutionNode = FALSE
	EndGlobalSection
	GlobalSection(ExtensibilityGlobals) = postSolution
		SolutionGuid = {2F94C17E-EBC2-4DD7-A128-11417022ABFF}
	EndGlobalSection
EndGlobal
